{
  "version": 4,
  "terraform_version": "1.14.1",
  "serial": 8,
  "lineage": "62687c6a-c205-2e52-36b9-4c766a61a44d",
  "outputs": {},
  "resources": [
    {
      "mode": "data",
      "type": "terraform_remote_state",
      "name": "base",
      "provider": "provider[\"terraform.io/builtin/terraform\"]",
      "instances": [
        {
          "schema_version": 0,
          "attributes": {
            "backend": "local",
            "config": {
              "value": {
                "path": "../base/terraform.tfstate"
              },
              "type": [
                "object",
                {
                  "path": "string"
                }
              ]
            },
            "defaults": null,
            "outputs": {
              "value": {
                "base_repository_name": "tf-lab-devops",
                "organization_id": "248498271",
                "organization_name": "gh-lab-kfr2359",
                "secret_names": [
                  "org_username",
                  "org_password"
                ],
                "security_manager_team_slug": "15450440",
                "teams_ids": [
                  "15430831",
                  "15430830",
                  "15450440"
                ]
              },
              "type": [
                "object",
                {
                  "base_repository_name": "string",
                  "organization_id": "string",
                  "organization_name": "string",
                  "secret_names": [
                    "tuple",
                    [
                      "string",
                      "string"
                    ]
                  ],
                  "security_manager_team_slug": "string",
                  "teams_ids": [
                    "tuple",
                    [
                      "string",
                      "string",
                      "string"
                    ]
                  ]
                }
              ]
            },
            "workspace": null
          },
          "sensitive_attributes": [],
          "identity_schema_version": 0
        }
      ]
    },
    {
      "mode": "managed",
      "type": "github_repository",
      "name": "tf_github_lab_app",
      "provider": "provider[\"registry.terraform.io/hashicorp/github\"]",
      "instances": [
        {
          "schema_version": 1,
          "attributes": {
            "allow_auto_merge": false,
            "allow_merge_commit": true,
            "allow_rebase_merge": true,
            "allow_squash_merge": true,
            "allow_update_branch": false,
            "archive_on_destroy": null,
            "archived": false,
            "auto_init": true,
            "default_branch": "main",
            "delete_branch_on_merge": true,
            "description": "TF GitHub lab repository for nodejs app",
            "etag": "W/\"03e130062b8bd9a4136bd373fe370f4f237486563d99d8104013fc97b090ca8f\"",
            "fork": "false",
            "full_name": "gh-lab-kfr2359/tf-lab-app",
            "git_clone_url": "git://github.com/gh-lab-kfr2359/tf-lab-app.git",
            "gitignore_template": null,
            "has_discussions": false,
            "has_downloads": false,
            "has_issues": true,
            "has_projects": true,
            "has_wiki": true,
            "homepage_url": "",
            "html_url": "https://github.com/gh-lab-kfr2359/tf-lab-app",
            "http_clone_url": "https://github.com/gh-lab-kfr2359/tf-lab-app.git",
            "id": "tf-lab-app",
            "ignore_vulnerability_alerts_during_read": null,
            "is_template": false,
            "license_template": null,
            "merge_commit_message": "PR_TITLE",
            "merge_commit_title": "MERGE_MESSAGE",
            "name": "tf-lab-app",
            "node_id": "R_kgDOQllznw",
            "pages": [],
            "primary_language": "",
            "private": false,
            "repo_id": 1113158559,
            "security_and_analysis": [
              {
                "advanced_security": [],
                "code_security": [],
                "secret_scanning": [
                  {
                    "status": "disabled"
                  }
                ],
                "secret_scanning_ai_detection": [],
                "secret_scanning_non_provider_patterns": [],
                "secret_scanning_push_protection": [
                  {
                    "status": "disabled"
                  }
                ]
              }
            ],
            "source_owner": "",
            "source_repo": "",
            "squash_merge_commit_message": "COMMIT_MESSAGES",
            "squash_merge_commit_title": "COMMIT_OR_PR_TITLE",
            "ssh_clone_url": "git@github.com:gh-lab-kfr2359/tf-lab-app.git",
            "svn_url": "https://github.com/gh-lab-kfr2359/tf-lab-app",
            "template": [],
            "topics": [],
            "visibility": "public",
            "vulnerability_alerts": true,
            "web_commit_signoff_required": false
          },
          "sensitive_attributes": [],
          "identity_schema_version": 0,
          "private": "eyJzY2hlbWFfdmVyc2lvbiI6IjEifQ=="
        }
      ]
    },
    {
      "mode": "managed",
      "type": "github_repository_collaborators",
      "name": "tf_github_lab_app",
      "provider": "provider[\"registry.terraform.io/hashicorp/github\"]",
      "instances": [
        {
          "schema_version": 0,
          "attributes": {
            "id": "tf-lab-devops",
            "ignore_team": [],
            "invitation_ids": {},
            "repository": "tf-lab-devops",
            "team": [
              {
                "permission": "pull",
                "team_id": "15450440"
              },
              {
                "permission": "push",
                "team_id": "15430830"
              },
              {
                "permission": "push",
                "team_id": "15430831"
              }
            ],
            "user": []
          },
          "sensitive_attributes": [],
          "identity_schema_version": 0,
          "private": "bnVsbA==",
          "dependencies": [
            "data.terraform_remote_state.base"
          ]
        }
      ]
    },
    {
      "mode": "managed",
      "type": "local_file",
      "name": "tf_github_lab_app_codeowners",
      "provider": "provider[\"registry.terraform.io/hashicorp/local\"]",
      "instances": [
        {
          "schema_version": 0,
          "attributes": {
            "content": "* @gh-lab-kfr2359/15450440",
            "content_base64": null,
            "content_base64sha256": "TTkJTg4YESBZJGHNqEt1RTmUELlXDoPzhflkfuHwPjM=",
            "content_base64sha512": "TQlhbgIxk3/zIqGKFge/RIo4PcDMl9UZKF2PcAAGKkm2uovz2rEo60BHxmTc5LlbabGYOK1b4odXMVZvJYwC9g==",
            "content_md5": "b7fc997d10ffaa5b182e3ffed2d1f953",
            "content_sha1": "0e25ef69fd512634553af1f980c9857f9dead121",
            "content_sha256": "4d39094e0e181120592461cda84b7545399410b9570e83f385f9647ee1f03e33",
            "content_sha512": "4d09616e0231937ff322a18a1607bf448a383dc0cc97d519285d8f7000062a49b6ba8bf3dab128eb4047c664dce4b95b69b19838ad5be2875731566f258c02f6",
            "directory_permission": "0777",
            "file_permission": "0777",
            "filename": ".github/CODEOWNERS",
            "id": "0e25ef69fd512634553af1f980c9857f9dead121",
            "sensitive_content": null,
            "source": null
          },
          "sensitive_attributes": [
            [
              {
                "type": "get_attr",
                "value": "sensitive_content"
              }
            ]
          ],
          "identity_schema_version": 0,
          "dependencies": [
            "data.terraform_remote_state.base"
          ]
        }
      ]
    }
  ],
  "check_results": null
}
