{
  "version": 4,
  "terraform_version": "1.14.1",
  "serial": 42,
  "lineage": "618e9ee8-a552-0267-94ee-2f0e40d7a71e",
  "outputs": {
    "base_repository_name": {
      "value": "tf-lab-devops",
      "type": "string"
    },
    "organization_id": {
      "value": "248498271",
      "type": "string"
    },
    "organization_name": {
      "value": "gh-lab-kfr2359",
      "type": "string"
    },
    "secret_names": {
      "value": [
        "org_username",
        "org_password"
      ],
      "type": [
        "tuple",
        [
          "string",
          "string"
        ]
      ]
    },
    "security_manager_team_slug": {
      "value": "security-team",
      "type": "string"
    },
    "teams_ids": {
      "value": [
        "15430831",
        "15430830",
        "15450440"
      ],
      "type": [
        "tuple",
        [
          "string",
          "string",
          "string"
        ]
      ]
    }
  },
  "resources": [
    {
      "mode": "managed",
      "type": "github_actions_organization_secret",
      "name": "org_password",
      "provider": "provider[\"registry.terraform.io/hashicorp/github\"]",
      "instances": [
        {
          "schema_version": 1,
          "attributes": {
            "created_at": "2025-12-08 16:19:10 +0000 UTC",
            "destroy_on_drift": true,
            "encrypted_value": "",
            "id": "org_password",
            "plaintext_value": "0lelplR",
            "secret_name": "org_password",
            "selected_repository_ids": [],
            "updated_at": "2025-12-08 16:19:10 +0000 UTC",
            "visibility": "selected"
          },
          "sensitive_attributes": [
            [
              {
                "type": "get_attr",
                "value": "encrypted_value"
              }
            ],
            [
              {
                "type": "get_attr",
                "value": "plaintext_value"
              }
            ]
          ],
          "identity_schema_version": 0,
          "private": "eyJzY2hlbWFfdmVyc2lvbiI6IjEifQ=="
        }
      ]
    },
    {
      "mode": "managed",
      "type": "github_actions_organization_secret",
      "name": "org_username",
      "provider": "provider[\"registry.terraform.io/hashicorp/github\"]",
      "instances": [
        {
          "schema_version": 1,
          "attributes": {
            "created_at": "2025-12-08 16:19:11 +0000 UTC",
            "destroy_on_drift": true,
            "encrypted_value": "",
            "id": "org_username",
            "plaintext_value": "kminchelle",
            "secret_name": "org_username",
            "selected_repository_ids": [],
            "updated_at": "2025-12-08 16:19:11 +0000 UTC",
            "visibility": "selected"
          },
          "sensitive_attributes": [
            [
              {
                "type": "get_attr",
                "value": "encrypted_value"
              }
            ],
            [
              {
                "type": "get_attr",
                "value": "plaintext_value"
              }
            ]
          ],
          "identity_schema_version": 0,
          "private": "eyJzY2hlbWFfdmVyc2lvbiI6IjEifQ=="
        }
      ]
    },
    {
      "mode": "managed",
      "type": "github_organization_settings",
      "name": "my_org",
      "provider": "provider[\"registry.terraform.io/hashicorp/github\"]",
      "instances": [
        {
          "schema_version": 0,
          "attributes": {
            "advanced_security_enabled_for_new_repositories": false,
            "billing_email": "kfr2359@gmail.com",
            "blog": "",
            "company": "gh-lab-kfr2359",
            "default_repository_permission": "read",
            "dependabot_alerts_enabled_for_new_repositories": true,
            "dependabot_security_updates_enabled_for_new_repositories": true,
            "dependency_graph_enabled_for_new_repositories": true,
            "description": "gh-lab-kfr2359 organization for GitHub terraform lab",
            "email": "",
            "has_organization_projects": true,
            "has_repository_projects": true,
            "id": "248498271",
            "location": "",
            "members_can_create_internal_repositories": false,
            "members_can_create_pages": false,
            "members_can_create_private_pages": false,
            "members_can_create_private_repositories": false,
            "members_can_create_public_pages": false,
            "members_can_create_public_repositories": false,
            "members_can_create_repositories": false,
            "members_can_fork_private_repositories": false,
            "name": "gh-lab-kfr2359",
            "secret_scanning_enabled_for_new_repositories": false,
            "secret_scanning_push_protection_enabled_for_new_repositories": false,
            "twitter_username": "",
            "web_commit_signoff_required": false
          },
          "sensitive_attributes": [],
          "identity_schema_version": 0,
          "private": "bnVsbA=="
        }
      ]
    },
    {
      "mode": "managed",
      "type": "github_repository",
      "name": "tf_github_lab_base_repository",
      "provider": "provider[\"registry.terraform.io/hashicorp/github\"]",
      "instances": [
        {
          "schema_version": 1,
          "attributes": {
            "allow_auto_merge": false,
            "allow_merge_commit": true,
            "allow_rebase_merge": true,
            "allow_squash_merge": true,
            "allow_update_branch": false,
            "archive_on_destroy": null,
            "archived": false,
            "auto_init": true,
            "default_branch": "main",
            "delete_branch_on_merge": false,
            "description": "gh-lab-kfr2359, repository for DevOps team",
            "etag": "W/\"46d9048ee1c956a31b00393ffcca51b9e79d98961a2e1e8de84a8f3583d12de7\"",
            "fork": "false",
            "full_name": "gh-lab-kfr2359/tf-lab-devops",
            "git_clone_url": "git://github.com/gh-lab-kfr2359/tf-lab-devops.git",
            "gitignore_template": null,
            "has_discussions": false,
            "has_downloads": false,
            "has_issues": false,
            "has_projects": false,
            "has_wiki": false,
            "homepage_url": "",
            "html_url": "https://github.com/gh-lab-kfr2359/tf-lab-devops",
            "http_clone_url": "https://github.com/gh-lab-kfr2359/tf-lab-devops.git",
            "id": "tf-lab-devops",
            "ignore_vulnerability_alerts_during_read": null,
            "is_template": false,
            "license_template": null,
            "merge_commit_message": "PR_TITLE",
            "merge_commit_title": "MERGE_MESSAGE",
            "name": "tf-lab-devops",
            "node_id": "R_kgDOQljYjg",
            "pages": [],
            "primary_language": "",
            "private": true,
            "repo_id": 1113118862,
            "security_and_analysis": [],
            "source_owner": "",
            "source_repo": "",
            "squash_merge_commit_message": "COMMIT_MESSAGES",
            "squash_merge_commit_title": "COMMIT_OR_PR_TITLE",
            "ssh_clone_url": "git@github.com:gh-lab-kfr2359/tf-lab-devops.git",
            "svn_url": "https://github.com/gh-lab-kfr2359/tf-lab-devops",
            "template": [],
            "topics": [],
            "visibility": "private",
            "vulnerability_alerts": true,
            "web_commit_signoff_required": false
          },
          "sensitive_attributes": [],
          "identity_schema_version": 0,
          "private": "eyJzY2hlbWFfdmVyc2lvbiI6IjEifQ=="
        }
      ]
    },
    {
      "mode": "managed",
      "type": "github_team",
      "name": "devops_team",
      "provider": "provider[\"registry.terraform.io/hashicorp/github\"]",
      "instances": [
        {
          "schema_version": 0,
          "attributes": {
            "create_default_maintainer": false,
            "description": "",
            "etag": "W/\"ed010644a9ab2ddddb93768598febbe4622fdff795e0e86d55dddc9c6f6d74a6\"",
            "id": "15430830",
            "ldap_dn": "",
            "members_count": 0,
            "name": "devops-team",
            "node_id": "T_kwDODs_IX84A63Su",
            "parent_team_id": "",
            "parent_team_read_id": "",
            "parent_team_read_slug": "",
            "privacy": "secret",
            "slug": "devops-team"
          },
          "sensitive_attributes": [],
          "identity_schema_version": 0,
          "private": "bnVsbA=="
        }
      ]
    },
    {
      "mode": "managed",
      "type": "github_team",
      "name": "nodejs_team",
      "provider": "provider[\"registry.terraform.io/hashicorp/github\"]",
      "instances": [
        {
          "schema_version": 0,
          "attributes": {
            "create_default_maintainer": false,
            "description": "",
            "etag": "W/\"8787f66acac0df69c6cf3f7e9d5187db28277c18a946640de94739bfa2919f3c\"",
            "id": "15430831",
            "ldap_dn": "",
            "members_count": 1,
            "name": "nodejs-team",
            "node_id": "T_kwDODs_IX84A63Sv",
            "parent_team_id": "",
            "parent_team_read_id": "",
            "parent_team_read_slug": "",
            "privacy": "secret",
            "slug": "nodejs-team"
          },
          "sensitive_attributes": [],
          "identity_schema_version": 0,
          "private": "bnVsbA=="
        }
      ]
    },
    {
      "mode": "managed",
      "type": "github_team",
      "name": "security_team",
      "provider": "provider[\"registry.terraform.io/hashicorp/github\"]",
      "instances": [
        {
          "schema_version": 0,
          "attributes": {
            "create_default_maintainer": false,
            "description": "",
            "etag": "W/\"07535a68df2a709cb390b13c39d487470c9b2dac75bdd63145202a7abfedb647\"",
            "id": "15450440",
            "ldap_dn": "",
            "members_count": 1,
            "name": "security-team",
            "node_id": "T_kwDODs_IX84A68FI",
            "parent_team_id": "",
            "parent_team_read_id": "",
            "parent_team_read_slug": "",
            "privacy": "closed",
            "slug": "security-team"
          },
          "sensitive_attributes": [],
          "identity_schema_version": 0,
          "private": "bnVsbA=="
        }
      ]
    },
    {
      "mode": "managed",
      "type": "github_team_members",
      "name": "nodejs_team_members",
      "provider": "provider[\"registry.terraform.io/hashicorp/github\"]",
      "instances": [
        {
          "schema_version": 0,
          "attributes": {
            "id": "15430831",
            "members": [
              {
                "role": "member",
                "username": "kfr2359"
              }
            ],
            "team_id": "15430831"
          },
          "sensitive_attributes": [],
          "identity_schema_version": 0,
          "private": "bnVsbA==",
          "dependencies": [
            "github_team.nodejs_team"
          ]
        }
      ]
    },
    {
      "mode": "managed",
      "type": "github_team_members",
      "name": "security_team_members",
      "provider": "provider[\"registry.terraform.io/hashicorp/github\"]",
      "instances": [
        {
          "schema_version": 0,
          "attributes": {
            "id": "15450440",
            "members": [
              {
                "role": "member",
                "username": "kfr2359"
              }
            ],
            "team_id": "15450440"
          },
          "sensitive_attributes": [],
          "identity_schema_version": 0,
          "private": "bnVsbA==",
          "dependencies": [
            "github_team.security_team"
          ]
        }
      ]
    }
  ],
  "check_results": null
}
